
Microsoft Visual Studio Solution File, Format Version 12.00
# Visual Studio Version 18
VisualStudioVersion = 18.4.11626.88 stable
MinimumVisualStudioVersion = 10.0.40219.1
Project("{FAE04EC0-301F-11D3-BF4B-00C04F79EFBC}") = "InterestIsInteresting", "InterestIsInteresting.csproj", "{68F8E470-7B63-4CCC-2AB0-03E685D13C6B}"
EndProject
Global
	GlobalSection(SolutionConfigurationPlatforms) = preSolution
		Debug|Any CPU = Debug|Any CPU
		Release|Any CPU = Release|Any CPU
	EndGlobalSection
	GlobalSection(ProjectConfigurationPlatforms) = postSolution
		{68F8E470-7B63-4CCC-2AB0-03E685D13C6B}.Debug|Any CPU.ActiveCfg = Debug|Any CPU
		{68F8E470-7B63-4CCC-2AB0-03E685D13C6B}.Debug|Any CPU.Build.0 = Debug|Any CPU
		{68F8E470-7B63-4CCC-2AB0-03E685D13C6B}.Release|Any CPU.ActiveCfg = Release|Any CPU
		{68F8E470-7B63-4CCC-2AB0-03E685D13C6B}.Release|Any CPU.Build.0 = Release|Any CPU
	EndGlobalSection
	GlobalSection(SolutionProperties) = preSolution
		HideSolutionNode = FALSE
	EndGlobalSection
	GlobalSection(ExtensibilityGlobals) = postSolution
		SolutionGuid = {78AC0393-8FAB-40AE-AC3F-1E4C8436E3F2}
	EndGlobalSection
EndGlobal
